// !$*UTF8*$!
{
	archiveVersion = 1;
	classes = {
	};
	objectVersion = 48;
	objects = {

/* Begin PBXBuildFile section */
		205BD244F1CBC85E5222AE3E /* Pods_AppSchool.framework in Frameworks */ = {isa = PBXBuildFile; fileRef = B20D4093C89A9D92CAD0699B /* Pods_AppSchool.framework */; };
		3901562A201CF4190072D865 /* Secretary.swift in Sources */ = {isa = PBXBuildFile; fileRef = 39015629201CF4190072D865 /* Secretary.swift */; };
		3901562C201CFA9B0072D865 /* SecretrayCellView.swift in Sources */ = {isa = PBXBuildFile; fileRef = 3901562B201CFA9B0072D865 /* SecretrayCellView.swift */; };
		39173166201A60AD0016DF09 /* NotesViewController.swift in Sources */ = {isa = PBXBuildFile; fileRef = 39173165201A60AD0016DF09 /* NotesViewController.swift */; };
		39173168201A61E80016DF09 /* FrequencyVC.swift in Sources */ = {isa = PBXBuildFile; fileRef = 39173167201A61E80016DF09 /* FrequencyVC.swift */; };
		3917316A201A62600016DF09 /* FinancialVC.swift in Sources */ = {isa = PBXBuildFile; fileRef = 39173169201A62600016DF09 /* FinancialVC.swift */; };
		3917316C201A62830016DF09 /* SecretaryVC.swift in Sources */ = {isa = PBXBuildFile; fileRef = 3917316B201A62830016DF09 /* SecretaryVC.swift */; };
		3917316E201A64210016DF09 /* DisclosureVC.swift in Sources */ = {isa = PBXBuildFile; fileRef = 3917316D201A64210016DF09 /* DisclosureVC.swift */; };
		39AC4CCF20190BA200A976F1 /* CalenderModel.swift in Sources */ = {isa = PBXBuildFile; fileRef = 39AC4CCE20190BA100A976F1 /* CalenderModel.swift */; };
		B833C7F620171D0900F9CE31 /* SidebarView.swift in Sources */ = {isa = PBXBuildFile; fileRef = B833C7F520171D0900F9CE31 /* SidebarView.swift */; };
		B833C7FA20171FC500F9CE31 /* UIViewController+Helper.swift in Sources */ = {isa = PBXBuildFile; fileRef = B833C7F820171FC500F9CE31 /* UIViewController+Helper.swift */; };
		B833C7FB20171FC500F9CE31 /* UIColor+Colors.swift in Sources */ = {isa = PBXBuildFile; fileRef = B833C7F920171FC500F9CE31 /* UIColor+Colors.swift */; };
		B833C80F2017372000F9CE31 /* HomeCellView.swift in Sources */ = {isa = PBXBuildFile; fileRef = B833C80E2017372000F9CE31 /* HomeCellView.swift */; };
		B833C81120173F3A00F9CE31 /* Home.swift in Sources */ = {isa = PBXBuildFile; fileRef = B833C81020173F3900F9CE31 /* Home.swift */; };
		B86AF966201B0F5F003E1E61 /* NotesModel.swift in Sources */ = {isa = PBXBuildFile; fileRef = B86AF965201B0F5F003E1E61 /* NotesModel.swift */; };
		B86AF968201B0FAC003E1E61 /* NotesList.swift in Sources */ = {isa = PBXBuildFile; fileRef = B86AF967201B0FAC003E1E61 /* NotesList.swift */; };
		B86AF96A201B1779003E1E61 /* NoteCellView.swift in Sources */ = {isa = PBXBuildFile; fileRef = B86AF969201B1779003E1E61 /* NoteCellView.swift */; };
		B86AF96C201B2DDA003E1E61 /* NoteSectionCell.swift in Sources */ = {isa = PBXBuildFile; fileRef = B86AF96B201B2DDA003E1E61 /* NoteSectionCell.swift */; };
		B8F4CD442019E746008C325A /* ConstantDevices.swift in Sources */ = {isa = PBXBuildFile; fileRef = B8F4CD422019E746008C325A /* ConstantDevices.swift */; };
		B8F4CD452019E746008C325A /* ConstantShortcutsMacros.swift in Sources */ = {isa = PBXBuildFile; fileRef = B8F4CD432019E746008C325A /* ConstantShortcutsMacros.swift */; };
		B8F4CD482019E7B1008C325A /* UtilityHelper.swift in Sources */ = {isa = PBXBuildFile; fileRef = B8F4CD472019E7B1008C325A /* UtilityHelper.swift */; };
		E00F36F8200E5C6D0078CFFD /* CalenderVC.swift in Sources */ = {isa = PBXBuildFile; fileRef = E00F36F7200E5C6D0078CFFD /* CalenderVC.swift */; };
		E02D79BC2008A16F00DBE49E /* UIHelper.swift in Sources */ = {isa = PBXBuildFile; fileRef = E02D79BB2008A16F00DBE49E /* UIHelper.swift */; };
		E069F3CD200A4C1900F17E10 /* HomeViewController.swift in Sources */ = {isa = PBXBuildFile; fileRef = E069F3CC200A4C1900F17E10 /* HomeViewController.swift */; };
		E08B94552007F82B00F128E3 /* EditProfileVC.swift in Sources */ = {isa = PBXBuildFile; fileRef = E08B94542007F82B00F128E3 /* EditProfileVC.swift */; };
		E096DC0C2010E95C008F4404 /* SupportViewController.swift in Sources */ = {isa = PBXBuildFile; fileRef = E096DC092010E95C008F4404 /* SupportViewController.swift */; };
		E096DC0D2010E95C008F4404 /* ForgotPasswordViewController.swift in Sources */ = {isa = PBXBuildFile; fileRef = E096DC0A2010E95C008F4404 /* ForgotPasswordViewController.swift */; };
		E096DC0E2010E95C008F4404 /* SuccessForgottenPasswordViewController.swift in Sources */ = {isa = PBXBuildFile; fileRef = E096DC0B2010E95C008F4404 /* SuccessForgottenPasswordViewController.swift */; };
		E0B75C5F2007AFEE0061784B /* AppDelegate.swift in Sources */ = {isa = PBXBuildFile; fileRef = E0B75C5E2007AFEE0061784B /* AppDelegate.swift */; };
		E0B75C612007AFEE0061784B /* LoginViewController.swift in Sources */ = {isa = PBXBuildFile; fileRef = E0B75C602007AFEE0061784B /* LoginViewController.swift */; };
		E0B75C642007AFEE0061784B /* Main.storyboard in Resources */ = {isa = PBXBuildFile; fileRef = E0B75C622007AFEE0061784B /* Main.storyboard */; };
		E0B75C662007AFEE0061784B /* Assets.xcassets in Resources */ = {isa = PBXBuildFile; fileRef = E0B75C652007AFEE0061784B /* Assets.xcassets */; };
		E0B75C692007AFEE0061784B /* LaunchScreen.storyboard in Resources */ = {isa = PBXBuildFile; fileRef = E0B75C672007AFEE0061784B /* LaunchScreen.storyboard */; };
/* End PBXBuildFile section */

/* Begin PBXCopyFilesBuildPhase section */
		E04C7C6D200D499D009BF0D4 /* Embed Frameworks */ = {
			isa = PBXCopyFilesBuildPhase;
			buildActionMask = 2147483647;
			dstPath = "";
			dstSubfolderSpec = 10;
			files = (
			);
			name = "Embed Frameworks";
			runOnlyForDeploymentPostprocessing = 0;
		};
/* End PBXCopyFilesBuildPhase section */

/* Begin PBXFileReference section */
		39015629201CF4190072D865 /* Secretary.swift */ = {isa = PBXFileReference; lastKnownFileType = sourcecode.swift; path = Secretary.swift; sourceTree = "<group>"; };
		3901562B201CFA9B0072D865 /* SecretrayCellView.swift */ = {isa = PBXFileReference; lastKnownFileType = sourcecode.swift; path = SecretrayCellView.swift; sourceTree = "<group>"; };
		39173165201A60AD0016DF09 /* NotesViewController.swift */ = {isa = PBXFileReference; lastKnownFileType = sourcecode.swift; path = NotesViewController.swift; sourceTree = "<group>"; };
		39173167201A61E80016DF09 /* FrequencyVC.swift */ = {isa = PBXFileReference; lastKnownFileType = sourcecode.swift; path = FrequencyVC.swift; sourceTree = "<group>"; };
		39173169201A62600016DF09 /* FinancialVC.swift */ = {isa = PBXFileReference; lastKnownFileType = sourcecode.swift; path = FinancialVC.swift; sourceTree = "<group>"; };
		3917316B201A62830016DF09 /* SecretaryVC.swift */ = {isa = PBXFileReference; lastKnownFileType = sourcecode.swift; path = SecretaryVC.swift; sourceTree = "<group>"; };
		3917316D201A64210016DF09 /* DisclosureVC.swift */ = {isa = PBXFileReference; lastKnownFileType = sourcecode.swift; path = DisclosureVC.swift; sourceTree = "<group>"; };
		39AC4CCE20190BA100A976F1 /* CalenderModel.swift */ = {isa = PBXFileReference; fileEncoding = 4; lastKnownFileType = sourcecode.swift; path = CalenderModel.swift; sourceTree = "<group>"; };
		B20D4093C89A9D92CAD0699B /* Pods_AppSchool.framework */ = {isa = PBXFileReference; explicitFileType = wrapper.framework; includeInIndex = 0; path = Pods_AppSchool.framework; sourceTree = BUILT_PRODUCTS_DIR; };
		B833C7F520171D0900F9CE31 /* SidebarView.swift */ = {isa = PBXFileReference; fileEncoding = 4; lastKnownFileType = sourcecode.swift; path = SidebarView.swift; sourceTree = "<group>"; };
		B833C7F820171FC500F9CE31 /* UIViewController+Helper.swift */ = {isa = PBXFileReference; fileEncoding = 4; lastKnownFileType = sourcecode.swift; path = "UIViewController+Helper.swift"; sourceTree = "<group>"; };
		B833C7F920171FC500F9CE31 /* UIColor+Colors.swift */ = {isa = PBXFileReference; fileEncoding = 4; lastKnownFileType = sourcecode.swift; path = "UIColor+Colors.swift"; sourceTree = "<group>"; };
		B833C80E2017372000F9CE31 /* HomeCellView.swift */ = {isa = PBXFileReference; fileEncoding = 4; lastKnownFileType = sourcecode.swift; name = HomeCellView.swift; path = AppSchool/UITableViewCell/HomeCellView.swift; sourceTree = SOURCE_ROOT; };
		B833C81020173F3900F9CE31 /* Home.swift */ = {isa = PBXFileReference; fileEncoding = 4; lastKnownFileType = sourcecode.swift; path = Home.swift; sourceTree = "<group>"; };
		B86AF965201B0F5F003E1E61 /* NotesModel.swift */ = {isa = PBXFileReference; lastKnownFileType = sourcecode.swift; path = NotesModel.swift; sourceTree = "<group>"; };
		B86AF967201B0FAC003E1E61 /* NotesList.swift */ = {isa = PBXFileReference; lastKnownFileType = sourcecode.swift; path = NotesList.swift; sourceTree = "<group>"; };
		B86AF969201B1779003E1E61 /* NoteCellView.swift */ = {isa = PBXFileReference; lastKnownFileType = sourcecode.swift; path = NoteCellView.swift; sourceTree = "<group>"; };
		B86AF96B201B2DDA003E1E61 /* NoteSectionCell.swift */ = {isa = PBXFileReference; lastKnownFileType = sourcecode.swift; path = NoteSectionCell.swift; sourceTree = "<group>"; };
		B8F4CD422019E746008C325A /* ConstantDevices.swift */ = {isa = PBXFileReference; fileEncoding = 4; lastKnownFileType = sourcecode.swift; path = ConstantDevices.swift; sourceTree = "<group>"; };
		B8F4CD432019E746008C325A /* ConstantShortcutsMacros.swift */ = {isa = PBXFileReference; fileEncoding = 4; lastKnownFileType = sourcecode.swift; path = ConstantShortcutsMacros.swift; sourceTree = "<group>"; };
		B8F4CD472019E7B1008C325A /* UtilityHelper.swift */ = {isa = PBXFileReference; fileEncoding = 4; lastKnownFileType = sourcecode.swift; path = UtilityHelper.swift; sourceTree = "<group>"; };
		D8B0878635F3D5E3104F90E5 /* Pods-AppSchool.debug.xcconfig */ = {isa = PBXFileReference; includeInIndex = 1; lastKnownFileType = text.xcconfig; name = "Pods-AppSchool.debug.xcconfig"; path = "Pods/Target Support Files/Pods-AppSchool/Pods-AppSchool.debug.xcconfig"; sourceTree = "<group>"; };
		E00F36F7200E5C6D0078CFFD /* CalenderVC.swift */ = {isa = PBXFileReference; lastKnownFileType = sourcecode.swift; path = CalenderVC.swift; sourceTree = "<group>"; };
		E02D79BB2008A16F00DBE49E /* UIHelper.swift */ = {isa = PBXFileReference; fileEncoding = 4; lastKnownFileType = sourcecode.swift; path = UIHelper.swift; sourceTree = "<group>"; };
		E069F3CC200A4C1900F17E10 /* HomeViewController.swift */ = {isa = PBXFileReference; lastKnownFileType = sourcecode.swift; path = HomeViewController.swift; sourceTree = "<group>"; };
		E08B94542007F82B00F128E3 /* EditProfileVC.swift */ = {isa = PBXFileReference; fileEncoding = 4; lastKnownFileType = sourcecode.swift; path = EditProfileVC.swift; sourceTree = "<group>"; };
		E096DC092010E95C008F4404 /* SupportViewController.swift */ = {isa = PBXFileReference; fileEncoding = 4; lastKnownFileType = sourcecode.swift; path = SupportViewController.swift; sourceTree = "<group>"; };
		E096DC0A2010E95C008F4404 /* ForgotPasswordViewController.swift */ = {isa = PBXFileReference; fileEncoding = 4; lastKnownFileType = sourcecode.swift; path = ForgotPasswordViewController.swift; sourceTree = "<group>"; };
		E096DC0B2010E95C008F4404 /* SuccessForgottenPasswordViewController.swift */ = {isa = PBXFileReference; fileEncoding = 4; lastKnownFileType = sourcecode.swift; path = SuccessForgottenPasswordViewController.swift; sourceTree = "<group>"; };
		E0B75C5B2007AFEE0061784B /* AppSchool.app */ = {isa = PBXFileReference; explicitFileType = wrapper.application; includeInIndex = 0; path = AppSchool.app; sourceTree = BUILT_PRODUCTS_DIR; };
		E0B75C5E2007AFEE0061784B /* AppDelegate.swift */ = {isa = PBXFileReference; lastKnownFileType = sourcecode.swift; path = AppDelegate.swift; sourceTree = "<group>"; };
		E0B75C602007AFEE0061784B /* LoginViewController.swift */ = {isa = PBXFileReference; lastKnownFileType = sourcecode.swift; path = LoginViewController.swift; sourceTree = "<group>"; };
		E0B75C632007AFEE0061784B /* Base */ = {isa = PBXFileReference; lastKnownFileType = file.storyboard; name = Base; path = Base.lproj/Main.storyboard; sourceTree = "<group>"; };
		E0B75C652007AFEE0061784B /* Assets.xcassets */ = {isa = PBXFileReference; lastKnownFileType = folder.assetcatalog; path = Assets.xcassets; sourceTree = "<group>"; };
		E0B75C682007AFEE0061784B /* Base */ = {isa = PBXFileReference; lastKnownFileType = file.storyboard; name = Base; path = Base.lproj/LaunchScreen.storyboard; sourceTree = "<group>"; };
		E0B75C6A2007AFEE0061784B /* Info.plist */ = {isa = PBXFileReference; lastKnownFileType = text.plist.xml; path = Info.plist; sourceTree = "<group>"; };
		E41A164F4BBA583B711D03DD /* Pods-AppSchool.release.xcconfig */ = {isa = PBXFileReference; includeInIndex = 1; lastKnownFileType = text.xcconfig; name = "Pods-AppSchool.release.xcconfig"; path = "Pods/Target Support Files/Pods-AppSchool/Pods-AppSchool.release.xcconfig"; sourceTree = "<group>"; };
/* End PBXFileReference section */

/* Begin PBXFrameworksBuildPhase section */
		E0B75C582007AFED0061784B /* Frameworks */ = {
			isa = PBXFrameworksBuildPhase;
			buildActionMask = 2147483647;
			files = (
				205BD244F1CBC85E5222AE3E /* Pods_AppSchool.framework in Frameworks */,
			);
			runOnlyForDeploymentPostprocessing = 0;
		};
/* End PBXFrameworksBuildPhase section */

/* Begin PBXGroup section */
		3960B3CB20164BC200BADA7A /* Models */ = {
			isa = PBXGroup;
			children = (
				B833C81020173F3900F9CE31 /* Home.swift */,
				39AC4CCE20190BA100A976F1 /* CalenderModel.swift */,
				B86AF965201B0F5F003E1E61 /* NotesModel.swift */,
				B86AF967201B0FAC003E1E61 /* NotesList.swift */,
				39015629201CF4190072D865 /* Secretary.swift */,
			);
			path = Models;
			sourceTree = "<group>";
		};
		39AC4CCD2018E53E00A976F1 /* Constants */ = {
			isa = PBXGroup;
			children = (
				B8F4CD422019E746008C325A /* ConstantDevices.swift */,
				B8F4CD432019E746008C325A /* ConstantShortcutsMacros.swift */,
			);
			path = Constants;
			sourceTree = "<group>";
		};
		8533A4F6D39214263E7A049E /* Frameworks */ = {
			isa = PBXGroup;
			children = (
				B20D4093C89A9D92CAD0699B /* Pods_AppSchool.framework */,
			);
			name = Frameworks;
			sourceTree = "<group>";
		};
		AF30782883EF297FC7BE70A5 /* Pods */ = {
			isa = PBXGroup;
			children = (
				D8B0878635F3D5E3104F90E5 /* Pods-AppSchool.debug.xcconfig */,
				E41A164F4BBA583B711D03DD /* Pods-AppSchool.release.xcconfig */,
			);
			name = Pods;
			sourceTree = "<group>";
		};
		B833C7F720171F7D00F9CE31 /* Resources */ = {
			isa = PBXGroup;
			children = (
				B833C7F920171FC500F9CE31 /* UIColor+Colors.swift */,
				B833C7F820171FC500F9CE31 /* UIViewController+Helper.swift */,
			);
			path = Resources;
			sourceTree = "<group>";
		};
		B833C80D2017370C00F9CE31 /* UITableViewCell */ = {
			isa = PBXGroup;
			children = (
				B833C80E2017372000F9CE31 /* HomeCellView.swift */,
				B86AF969201B1779003E1E61 /* NoteCellView.swift */,
				B86AF96B201B2DDA003E1E61 /* NoteSectionCell.swift */,
				3901562B201CFA9B0072D865 /* SecretrayCellView.swift */,
			);
			name = UITableViewCell;
			path = "New Group";
			sourceTree = "<group>";
		};
		B8F4CD462019E79C008C325A /* UtilityFunctions */ = {
			isa = PBXGroup;
			children = (
				B8F4CD472019E7B1008C325A /* UtilityHelper.swift */,
			);
			path = UtilityFunctions;
			sourceTree = "<group>";
		};
		B8F4CD492019E851008C325A /* AppDelegate */ = {
			isa = PBXGroup;
			children = (
				E0B75C5E2007AFEE0061784B /* AppDelegate.swift */,
			);
			path = AppDelegate;
			sourceTree = "<group>";
		};
		E01C72742013DD660007D4DF /* Views */ = {
			isa = PBXGroup;
			children = (
				E0B75C672007AFEE0061784B /* LaunchScreen.storyboard */,
				E0B75C622007AFEE0061784B /* Main.storyboard */,
			);
			path = Views;
			sourceTree = "<group>";
		};
		E02D79BA2008A15400DBE49E /* Helpers */ = {
			isa = PBXGroup;
			children = (
				B833C7F520171D0900F9CE31 /* SidebarView.swift */,
				E02D79BB2008A16F00DBE49E /* UIHelper.swift */,
			);
			path = Helpers;
			sourceTree = "<group>";
		};
		E096DC082010E934008F4404 /* Controllers */ = {
			isa = PBXGroup;
			children = (
				E096DC0A2010E95C008F4404 /* ForgotPasswordViewController.swift */,
				E0B75C602007AFEE0061784B /* LoginViewController.swift */,
				E069F3CC200A4C1900F17E10 /* HomeViewController.swift */,
				E096DC0B2010E95C008F4404 /* SuccessForgottenPasswordViewController.swift */,
				E096DC092010E95C008F4404 /* SupportViewController.swift */,
				E08B94542007F82B00F128E3 /* EditProfileVC.swift */,
				E00F36F7200E5C6D0078CFFD /* CalenderVC.swift */,
				39173165201A60AD0016DF09 /* NotesViewController.swift */,
				39173167201A61E80016DF09 /* FrequencyVC.swift */,
				39173169201A62600016DF09 /* FinancialVC.swift */,
				3917316B201A62830016DF09 /* SecretaryVC.swift */,
				3917316D201A64210016DF09 /* DisclosureVC.swift */,
			);
			path = Controllers;
			sourceTree = "<group>";
		};
		E0B75C522007AFED0061784B = {
			isa = PBXGroup;
			children = (
				E0B75C5D2007AFEE0061784B /* AppSchool */,
				E0B75C5C2007AFEE0061784B /* Products */,
				AF30782883EF297FC7BE70A5 /* Pods */,
				8533A4F6D39214263E7A049E /* Frameworks */,
			);
			sourceTree = "<group>";
		};
		E0B75C5C2007AFEE0061784B /* Products */ = {
			isa = PBXGroup;
			children = (
				E0B75C5B2007AFEE0061784B /* AppSchool.app */,
			);
			name = Products;
			sourceTree = "<group>";
		};
		E0B75C5D2007AFEE0061784B /* AppSchool */ = {
			isa = PBXGroup;
			children = (
				B8F4CD462019E79C008C325A /* UtilityFunctions */,
				39AC4CCD2018E53E00A976F1 /* Constants */,
				E02D79BA2008A15400DBE49E /* Helpers */,
				3960B3CB20164BC200BADA7A /* Models */,
				B8F4CD492019E851008C325A /* AppDelegate */,
				E096DC082010E934008F4404 /* Controllers */,
				E01C72742013DD660007D4DF /* Views */,
				B833C80D2017370C00F9CE31 /* UITableViewCell */,
				B833C7F720171F7D00F9CE31 /* Resources */,
				E0B75C652007AFEE0061784B /* Assets.xcassets */,
				E0B75C6A2007AFEE0061784B /* Info.plist */,
			);
			path = AppSchool;
			sourceTree = "<group>";
		};
/* End PBXGroup section */

/* Begin PBXNativeTarget section */
		E0B75C5A2007AFED0061784B /* AppSchool */ = {
			isa = PBXNativeTarget;
			buildConfigurationList = E0B75C6D2007AFEE0061784B /* Build configuration list for PBXNativeTarget "AppSchool" */;
			buildPhases = (
				E8739FB690E6D2781CC769B0 /* [CP] Check Pods Manifest.lock */,
				E0B75C572007AFED0061784B /* Sources */,
				E0B75C582007AFED0061784B /* Frameworks */,
				E0B75C592007AFED0061784B /* Resources */,
				E1589702B73828D7A54B8C31 /* [CP] Embed Pods Frameworks */,
				89B8008EB377D4DC17662335 /* [CP] Copy Pods Resources */,
				E04C7C6D200D499D009BF0D4 /* Embed Frameworks */,
			);
			buildRules = (
			);
			dependencies = (
			);
			name = AppSchool;
			productName = AppSchool;
			productReference = E0B75C5B2007AFEE0061784B /* AppSchool.app */;
			productType = "com.apple.product-type.application";
		};
/* End PBXNativeTarget section */

/* Begin PBXProject section */
		E0B75C532007AFED0061784B /* Project object */ = {
			isa = PBXProject;
			attributes = {
				LastSwiftUpdateCheck = 0920;
				LastUpgradeCheck = 0920;
				ORGANIZATIONNAME = Ahmad;
				TargetAttributes = {
					E0B75C5A2007AFED0061784B = {
						CreatedOnToolsVersion = 9.2;
						ProvisioningStyle = Automatic;
					};
				};
			};
			buildConfigurationList = E0B75C562007AFED0061784B /* Build configuration list for PBXProject "AppSchool" */;
			compatibilityVersion = "Xcode 8.0";
			developmentRegion = en;
			hasScannedForEncodings = 0;
			knownRegions = (
				en,
				Base,
			);
			mainGroup = E0B75C522007AFED0061784B;
			productRefGroup = E0B75C5C2007AFEE0061784B /* Products */;
			projectDirPath = "";
			projectRoot = "";
			targets = (
				E0B75C5A2007AFED0061784B /* AppSchool */,
			);
		};
/* End PBXProject section */

/* Begin PBXResourcesBuildPhase section */
		E0B75C592007AFED0061784B /* Resources */ = {
			isa = PBXResourcesBuildPhase;
			buildActionMask = 2147483647;
			files = (
				E0B75C692007AFEE0061784B /* LaunchScreen.storyboard in Resources */,
				E0B75C662007AFEE0061784B /* Assets.xcassets in Resources */,
				E0B75C642007AFEE0061784B /* Main.storyboard in Resources */,
			);
			runOnlyForDeploymentPostprocessing = 0;
		};
/* End PBXResourcesBuildPhase section */

/* Begin PBXShellScriptBuildPhase section */
		89B8008EB377D4DC17662335 /* [CP] Copy Pods Resources */ = {
			isa = PBXShellScriptBuildPhase;
			buildActionMask = 2147483647;
			files = (
			);
			inputPaths = (
			);
			name = "[CP] Copy Pods Resources";
			outputPaths = (
			);
			runOnlyForDeploymentPostprocessing = 0;
			shellPath = /bin/sh;
			shellScript = "\"${SRCROOT}/Pods/Target Support Files/Pods-AppSchool/Pods-AppSchool-resources.sh\"\n";
			showEnvVarsInLog = 0;
		};
		E1589702B73828D7A54B8C31 /* [CP] Embed Pods Frameworks */ = {
			isa = PBXShellScriptBuildPhase;
			buildActionMask = 2147483647;
			files = (
			);
			inputPaths = (
				"${SRCROOT}/Pods/Target Support Files/Pods-AppSchool/Pods-AppSchool-frameworks.sh",
				"${BUILT_PRODUCTS_DIR}/IQKeyboardManagerSwift/IQKeyboardManagerSwift.framework",
				"${BUILT_PRODUCTS_DIR}/Koyomi/Koyomi.framework",
				"${BUILT_PRODUCTS_DIR}/MBProgressHUD/MBProgressHUD.framework",
				"${BUILT_PRODUCTS_DIR}/ReachabilitySwift/Reachability.framework",
				"${BUILT_PRODUCTS_DIR}/SwiftyJSON/SwiftyJSON.framework",
			);
			name = "[CP] Embed Pods Frameworks";
			outputPaths = (
				"${TARGET_BUILD_DIR}/${FRAMEWORKS_FOLDER_PATH}/IQKeyboardManagerSwift.framework",
				"${TARGET_BUILD_DIR}/${FRAMEWORKS_FOLDER_PATH}/Koyomi.framework",
				"${TARGET_BUILD_DIR}/${FRAMEWORKS_FOLDER_PATH}/MBProgressHUD.framework",
				"${TARGET_BUILD_DIR}/${FRAMEWORKS_FOLDER_PATH}/Reachability.framework",
				"${TARGET_BUILD_DIR}/${FRAMEWORKS_FOLDER_PATH}/SwiftyJSON.framework",
			);
			runOnlyForDeploymentPostprocessing = 0;
			shellPath = /bin/sh;
			shellScript = "\"${SRCROOT}/Pods/Target Support Files/Pods-AppSchool/Pods-AppSchool-frameworks.sh\"\n";
			showEnvVarsInLog = 0;
		};
		E8739FB690E6D2781CC769B0 /* [CP] Check Pods Manifest.lock */ = {
			isa = PBXShellScriptBuildPhase;
			buildActionMask = 2147483647;
			files = (
			);
			inputPaths = (
				"${PODS_PODFILE_DIR_PATH}/Podfile.lock",
				"${PODS_ROOT}/Manifest.lock",
			);
			name = "[CP] Check Pods Manifest.lock";
			outputPaths = (
				"$(DERIVED_FILE_DIR)/Pods-AppSchool-checkManifestLockResult.txt",
			);
			runOnlyForDeploymentPostprocessing = 0;
			shellPath = /bin/sh;
			shellScript = "diff \"${PODS_PODFILE_DIR_PATH}/Podfile.lock\" \"${PODS_ROOT}/Manifest.lock\" > /dev/null\nif [ $? != 0 ] ; then\n    # print error to STDERR\n    echo \"error: The sandbox is not in sync with the Podfile.lock. Run 'pod install' or update your CocoaPods installation.\" >&2\n    exit 1\nfi\n# This output is used by Xcode 'outputs' to avoid re-running this script phase.\necho \"SUCCESS\" > \"${SCRIPT_OUTPUT_FILE_0}\"\n";
			showEnvVarsInLog = 0;
		};
/* End PBXShellScriptBuildPhase section */

/* Begin PBXSourcesBuildPhase section */
		E0B75C572007AFED0061784B /* Sources */ = {
			isa = PBXSourcesBuildPhase;
			buildActionMask = 2147483647;
			files = (
				3917316E201A64210016DF09 /* DisclosureVC.swift in Sources */,
				B833C7FA20171FC500F9CE31 /* UIViewController+Helper.swift in Sources */,
				B833C7FB20171FC500F9CE31 /* UIColor+Colors.swift in Sources */,
				E00F36F8200E5C6D0078CFFD /* CalenderVC.swift in Sources */,
				E0B75C612007AFEE0061784B /* LoginViewController.swift in Sources */,
				B86AF968201B0FAC003E1E61 /* NotesList.swift in Sources */,
				B86AF966201B0F5F003E1E61 /* NotesModel.swift in Sources */,
				E096DC0C2010E95C008F4404 /* SupportViewController.swift in Sources */,
				E0B75C5F2007AFEE0061784B /* AppDelegate.swift in Sources */,
				B833C81120173F3A00F9CE31 /* Home.swift in Sources */,
				3901562C201CFA9B0072D865 /* SecretrayCellView.swift in Sources */,
				B86AF96C201B2DDA003E1E61 /* NoteSectionCell.swift in Sources */,
				39173168201A61E80016DF09 /* FrequencyVC.swift in Sources */,
				E08B94552007F82B00F128E3 /* EditProfileVC.swift in Sources */,
				39173166201A60AD0016DF09 /* NotesViewController.swift in Sources */,
				B8F4CD482019E7B1008C325A /* UtilityHelper.swift in Sources */,
				B86AF96A201B1779003E1E61 /* NoteCellView.swift in Sources */,
				3917316C201A62830016DF09 /* SecretaryVC.swift in Sources */,
				E096DC0D2010E95C008F4404 /* ForgotPasswordViewController.swift in Sources */,
				B833C80F2017372000F9CE31 /* HomeCellView.swift in Sources */,
				E096DC0E2010E95C008F4404 /* SuccessForgottenPasswordViewController.swift in Sources */,
				B833C7F620171D0900F9CE31 /* SidebarView.swift in Sources */,
				B8F4CD452019E746008C325A /* ConstantShortcutsMacros.swift in Sources */,
				E02D79BC2008A16F00DBE49E /* UIHelper.swift in Sources */,
				3901562A201CF4190072D865 /* Secretary.swift in Sources */,
				B8F4CD442019E746008C325A /* ConstantDevices.swift in Sources */,
				E069F3CD200A4C1900F17E10 /* HomeViewController.swift in Sources */,
				39AC4CCF20190BA200A976F1 /* CalenderModel.swift in Sources */,
				3917316A201A62600016DF09 /* FinancialVC.swift in Sources */,
			);
			runOnlyForDeploymentPostprocessing = 0;
		};
/* End PBXSourcesBuildPhase section */

/* Begin PBXVariantGroup section */
		E0B75C622007AFEE0061784B /* Main.storyboard */ = {
			isa = PBXVariantGroup;
			children = (
				E0B75C632007AFEE0061784B /* Base */,
			);
			name = Main.storyboard;
			sourceTree = "<group>";
		};
		E0B75C672007AFEE0061784B /* LaunchScreen.storyboard */ = {
			isa = PBXVariantGroup;
			children = (
				E0B75C682007AFEE0061784B /* Base */,
			);
			name = LaunchScreen.storyboard;
			sourceTree = "<group>";
		};
/* End PBXVariantGroup section */

/* Begin XCBuildConfiguration section */
		E0B75C6B2007AFEE0061784B /* Debug */ = {
			isa = XCBuildConfiguration;
			buildSettings = {
				ALWAYS_SEARCH_USER_PATHS = NO;
				CLANG_ANALYZER_NONNULL = YES;
				CLANG_ANALYZER_NUMBER_OBJECT_CONVERSION = YES_AGGRESSIVE;
				CLANG_CXX_LANGUAGE_STANDARD = "gnu++14";
				CLANG_CXX_LIBRARY = "libc++";
				CLANG_ENABLE_MODULES = YES;
				CLANG_ENABLE_OBJC_ARC = YES;
				CLANG_WARN_BLOCK_CAPTURE_AUTORELEASING = YES;
				CLANG_WARN_BOOL_CONVERSION = YES;
				CLANG_WARN_COMMA = YES;
				CLANG_WARN_CONSTANT_CONVERSION = YES;
				CLANG_WARN_DIRECT_OBJC_ISA_USAGE = YES_ERROR;
				CLANG_WARN_DOCUMENTATION_COMMENTS = YES;
				CLANG_WARN_EMPTY_BODY = YES;
				CLANG_WARN_ENUM_CONVERSION = YES;
				CLANG_WARN_INFINITE_RECURSION = YES;
				CLANG_WARN_INT_CONVERSION = YES;
				CLANG_WARN_NON_LITERAL_NULL_CONVERSION = YES;
				CLANG_WARN_OBJC_LITERAL_CONVERSION = YES;
				CLANG_WARN_OBJC_ROOT_CLASS = YES_ERROR;
				CLANG_WARN_RANGE_LOOP_ANALYSIS = YES;
				CLANG_WARN_STRICT_PROTOTYPES = YES;
				CLANG_WARN_SUSPICIOUS_MOVE = YES;
				CLANG_WARN_UNGUARDED_AVAILABILITY = YES_AGGRESSIVE;
				CLANG_WARN_UNREACHABLE_CODE = YES;
				CLANG_WARN__DUPLICATE_METHOD_MATCH = YES;
				CODE_SIGN_IDENTITY = "iPhone Developer";
				COPY_PHASE_STRIP = NO;
				DEBUG_INFORMATION_FORMAT = dwarf;
				ENABLE_STRICT_OBJC_MSGSEND = YES;
				ENABLE_TESTABILITY = YES;
				GCC_C_LANGUAGE_STANDARD = gnu11;
				GCC_DYNAMIC_NO_PIC = NO;
				GCC_NO_COMMON_BLOCKS = YES;
				GCC_OPTIMIZATION_LEVEL = 0;
				GCC_PREPROCESSOR_DEFINITIONS = (
					"DEBUG=1",
					"$(inherited)",
				);
				GCC_WARN_64_TO_32_BIT_CONVERSION = YES;
				GCC_WARN_ABOUT_RETURN_TYPE = YES_ERROR;
				GCC_WARN_UNDECLARED_SELECTOR = YES;
				GCC_WARN_UNINITIALIZED_AUTOS = YES_AGGRESSIVE;
				GCC_WARN_UNUSED_FUNCTION = YES;
				GCC_WARN_UNUSED_VARIABLE = YES;
				IPHONEOS_DEPLOYMENT_TARGET = 10.0;
				MTL_ENABLE_DEBUG_INFO = YES;
				ONLY_ACTIVE_ARCH = YES;
				SDKROOT = iphoneos;
				SWIFT_ACTIVE_COMPILATION_CONDITIONS = DEBUG;
				SWIFT_OPTIMIZATION_LEVEL = "-Onone";
			};
			name = Debug;
		};
		E0B75C6C2007AFEE0061784B /* Release */ = {
			isa = XCBuildConfiguration;
			buildSettings = {
				ALWAYS_SEARCH_USER_PATHS = NO;
				CLANG_ANALYZER_NONNULL = YES;
				CLANG_ANALYZER_NUMBER_OBJECT_CONVERSION = YES_AGGRESSIVE;
				CLANG_CXX_LANGUAGE_STANDARD = "gnu++14";
				CLANG_CXX_LIBRARY = "libc++";
				CLANG_ENABLE_MODULES = YES;
				CLANG_ENABLE_OBJC_ARC = YES;
				CLANG_WARN_BLOCK_CAPTURE_AUTORELEASING = YES;
				CLANG_WARN_BOOL_CONVERSION = YES;
				CLANG_WARN_COMMA = YES;
				CLANG_WARN_CONSTANT_CONVERSION = YES;
				CLANG_WARN_DIRECT_OBJC_ISA_USAGE = YES_ERROR;
				CLANG_WARN_DOCUMENTATION_COMMENTS = YES;
				CLANG_WARN_EMPTY_BODY = YES;
				CLANG_WARN_ENUM_CONVERSION = YES;
				CLANG_WARN_INFINITE_RECURSION = YES;
				CLANG_WARN_INT_CONVERSION = YES;
				CLANG_WARN_NON_LITERAL_NULL_CONVERSION = YES;
				CLANG_WARN_OBJC_LITERAL_CONVERSION = YES;
				CLANG_WARN_OBJC_ROOT_CLASS = YES_ERROR;
				CLANG_WARN_RANGE_LOOP_ANALYSIS = YES;
				CLANG_WARN_STRICT_PROTOTYPES = YES;
				CLANG_WARN_SUSPICIOUS_MOVE = YES;
				CLANG_WARN_UNGUARDED_AVAILABILITY = YES_AGGRESSIVE;
				CLANG_WARN_UNREACHABLE_CODE = YES;
				CLANG_WARN__DUPLICATE_METHOD_MATCH = YES;
				CODE_SIGN_IDENTITY = "iPhone Developer";
				COPY_PHASE_STRIP = NO;
				DEBUG_INFORMATION_FORMAT = "dwarf-with-dsym";
				ENABLE_NS_ASSERTIONS = NO;
				ENABLE_STRICT_OBJC_MSGSEND = YES;
				GCC_C_LANGUAGE_STANDARD = gnu11;
				GCC_NO_COMMON_BLOCKS = YES;
				GCC_WARN_64_TO_32_BIT_CONVERSION = YES;
				GCC_WARN_ABOUT_RETURN_TYPE = YES_ERROR;
				GCC_WARN_UNDECLARED_SELECTOR = YES;
				GCC_WARN_UNINITIALIZED_AUTOS = YES_AGGRESSIVE;
				GCC_WARN_UNUSED_FUNCTION = YES;
				GCC_WARN_UNUSED_VARIABLE = YES;
				IPHONEOS_DEPLOYMENT_TARGET = 10.0;
				MTL_ENABLE_DEBUG_INFO = NO;
				SDKROOT = iphoneos;
				SWIFT_OPTIMIZATION_LEVEL = "-Owholemodule";
				VALIDATE_PRODUCT = YES;
			};
			name = Release;
		};
		E0B75C6E2007AFEE0061784B /* Debug */ = {
			isa = XCBuildConfiguration;
			baseConfigurationReference = D8B0878635F3D5E3104F90E5 /* Pods-AppSchool.debug.xcconfig */;
			buildSettings = {
				ASSETCATALOG_COMPILER_APPICON_NAME = AppIcon;
				"CODE_SIGN_IDENTITY[sdk=iphoneos*]" = "iPhone Developer";
				CODE_SIGN_STYLE = Automatic;
				DEVELOPMENT_TEAM = G4UXNE2F46;
				FRAMEWORK_SEARCH_PATHS = (
					"$(inherited)",
					"$(PROJECT_DIR)/Carthage/Build/iOS",
				);
				INFOPLIST_FILE = AppSchool/Info.plist;
				IPHONEOS_DEPLOYMENT_TARGET = 9.0;
				LD_RUNPATH_SEARCH_PATHS = "$(inherited) @executable_path/Frameworks";
				PRODUCT_BUNDLE_IDENTIFIER = com.cityjob.trovit;
				PRODUCT_NAME = "$(TARGET_NAME)";
				PROVISIONING_PROFILE_SPECIFIER = "";
				SWIFT_VERSION = 4.0;
				TARGETED_DEVICE_FAMILY = "1,2";
			};
			name = Debug;
		};
		E0B75C6F2007AFEE0061784B /* Release */ = {
			isa = XCBuildConfiguration;
			baseConfigurationReference = E41A164F4BBA583B711D03DD /* Pods-AppSchool.release.xcconfig */;
			buildSettings = {
				ASSETCATALOG_COMPILER_APPICON_NAME = AppIcon;
				"CODE_SIGN_IDENTITY[sdk=iphoneos*]" = "iPhone Developer";
				CODE_SIGN_STYLE = Automatic;
				DEVELOPMENT_TEAM = G4UXNE2F46;
				FRAMEWORK_SEARCH_PATHS = (
					"$(inherited)",
					"$(PROJECT_DIR)/Carthage/Build/iOS",
				);
				INFOPLIST_FILE = AppSchool/Info.plist;
				IPHONEOS_DEPLOYMENT_TARGET = 9.0;
				LD_RUNPATH_SEARCH_PATHS = "$(inherited) @executable_path/Frameworks";
				PRODUCT_BUNDLE_IDENTIFIER = com.cityjob.trovit;
				PRODUCT_NAME = "$(TARGET_NAME)";
				PROVISIONING_PROFILE_SPECIFIER = "";
				SWIFT_VERSION = 4.0;
				TARGETED_DEVICE_FAMILY = "1,2";
			};
			name = Release;
		};
/* End XCBuildConfiguration section */

/* Begin XCConfigurationList section */
		E0B75C562007AFED0061784B /* Build configuration list for PBXProject "AppSchool" */ = {
			isa = XCConfigurationList;
			buildConfigurations = (
				E0B75C6B2007AFEE0061784B /* Debug */,
				E0B75C6C2007AFEE0061784B /* Release */,
			);
			defaultConfigurationIsVisible = 0;
			defaultConfigurationName = Release;
		};
		E0B75C6D2007AFEE0061784B /* Build configuration list for PBXNativeTarget "AppSchool" */ = {
			isa = XCConfigurationList;
			buildConfigurations = (
				E0B75C6E2007AFEE0061784B /* Debug */,
				E0B75C6F2007AFEE0061784B /* Release */,
			);
			defaultConfigurationIsVisible = 0;
			defaultConfigurationName = Release;
		};
/* End XCConfigurationList section */
	};
	rootObject = E0B75C532007AFED0061784B /* Project object */;
}
